// !$*UTF8*$!
{
	archiveVersion = 1;
	classes = {
	};
	objectVersion = 56;
	objects = {

/* Begin PBXBuildFile section */
		0B55C8B52AD4770500977D25 /* ExploreViewController.swift in Sources */ = {isa = PBXBuildFile; fileRef = 0B55C8B42AD4770500977D25 /* ExploreViewController.swift */; };
		0B55C8B72AD4771D00977D25 /* CameraViewController.swift in Sources */ = {isa = PBXBuildFile; fileRef = 0B55C8B62AD4771D00977D25 /* CameraViewController.swift */; };
		0B55C8B92AD4772900977D25 /* NotificationsViewController.swift in Sources */ = {isa = PBXBuildFile; fileRef = 0B55C8B82AD4772900977D25 /* NotificationsViewController.swift */; };
		0B55C8BB2AD4773100977D25 /* ProfileViewController.swift in Sources */ = {isa = PBXBuildFile; fileRef = 0B55C8BA2AD4773100977D25 /* ProfileViewController.swift */; };
		0B55C8BD2AD4774A00977D25 /* UserListViewController.swift in Sources */ = {isa = PBXBuildFile; fileRef = 0B55C8BC2AD4774A00977D25 /* UserListViewController.swift */; };
		0B55C8BF2AD4775600977D25 /* SignInViewController.swift in Sources */ = {isa = PBXBuildFile; fileRef = 0B55C8BE2AD4775600977D25 /* SignInViewController.swift */; };
		0B55C8C12AD4775E00977D25 /* SignUpViewController.swift in Sources */ = {isa = PBXBuildFile; fileRef = 0B55C8C02AD4775E00977D25 /* SignUpViewController.swift */; };
		0B55C8C32AD4776800977D25 /* SettingsViewController.swift in Sources */ = {isa = PBXBuildFile; fileRef = 0B55C8C22AD4776800977D25 /* SettingsViewController.swift */; };
		0B55C8C52AD4778400977D25 /* TabBarViewController.swift in Sources */ = {isa = PBXBuildFile; fileRef = 0B55C8C42AD4778400977D25 /* TabBarViewController.swift */; };
		0B55C8CA2AD477DF00977D25 /* PostViewController.swift in Sources */ = {isa = PBXBuildFile; fileRef = 0B55C8C92AD477DF00977D25 /* PostViewController.swift */; };
		0B55C8CC2AD477F400977D25 /* APICaller.swift in Sources */ = {isa = PBXBuildFile; fileRef = 0B55C8CB2AD477F400977D25 /* APICaller.swift */; };
		0B55C8CE2AD4780100977D25 /* StorageManager.swift in Sources */ = {isa = PBXBuildFile; fileRef = 0B55C8CD2AD4780100977D25 /* StorageManager.swift */; };
		0B55C8D02AD4781600977D25 /* DatabaseManager.swift in Sources */ = {isa = PBXBuildFile; fileRef = 0B55C8CF2AD4781600977D25 /* DatabaseManager.swift */; };
		0B55C8D22AD4782200977D25 /* AuthenticationManager.swift in Sources */ = {isa = PBXBuildFile; fileRef = 0B55C8D12AD4782200977D25 /* AuthenticationManager.swift */; };
		0B55C8D42AD4783500977D25 /* HapticsManager.swift in Sources */ = {isa = PBXBuildFile; fileRef = 0B55C8D32AD4783500977D25 /* HapticsManager.swift */; };
		0B8243392AD48B8900C26D8F /* FirebaseAnalytics in Frameworks */ = {isa = PBXBuildFile; productRef = 0B8243382AD48B8900C26D8F /* FirebaseAnalytics */; };
		0B82433B2AD48B8900C26D8F /* FirebaseAuth in Frameworks */ = {isa = PBXBuildFile; productRef = 0B82433A2AD48B8900C26D8F /* FirebaseAuth */; };
		0B82433D2AD48B8900C26D8F /* FirebaseCrashlytics in Frameworks */ = {isa = PBXBuildFile; productRef = 0B82433C2AD48B8900C26D8F /* FirebaseCrashlytics */; };
		0B82433F2AD48B8900C26D8F /* FirebaseDatabase in Frameworks */ = {isa = PBXBuildFile; productRef = 0B82433E2AD48B8900C26D8F /* FirebaseDatabase */; };
		0B8243412AD48B8900C26D8F /* FirebaseStorage in Frameworks */ = {isa = PBXBuildFile; productRef = 0B8243402AD48B8900C26D8F /* FirebaseStorage */; };
		0B8243452AD48D7000C26D8F /* GoogleService-Info.plist in Resources */ = {isa = PBXBuildFile; fileRef = 0B8243442AD48D7000C26D8F /* GoogleService-Info.plist */; };
		0BA360052AD08A41008467CF /* AppDelegate.swift in Sources */ = {isa = PBXBuildFile; fileRef = 0BA360042AD08A41008467CF /* AppDelegate.swift */; };
		0BA360072AD08A41008467CF /* SceneDelegate.swift in Sources */ = {isa = PBXBuildFile; fileRef = 0BA360062AD08A41008467CF /* SceneDelegate.swift */; };
		0BA360092AD08A41008467CF /* HomeViewController.swift in Sources */ = {isa = PBXBuildFile; fileRef = 0BA360082AD08A41008467CF /* HomeViewController.swift */; };
		0BA3600E2AD08A44008467CF /* Assets.xcassets in Resources */ = {isa = PBXBuildFile; fileRef = 0BA3600D2AD08A44008467CF /* Assets.xcassets */; };
		0BA360112AD08A44008467CF /* LaunchScreen.storyboard in Resources */ = {isa = PBXBuildFile; fileRef = 0BA3600F2AD08A44008467CF /* LaunchScreen.storyboard */; };
		27616E7DEBBF0592251D6323 /* Pods_TikTok.framework in Frameworks */ = {isa = PBXBuildFile; fileRef = ACA2D2838F15D3A09CF03C62 /* Pods_TikTok.framework */; };
/* End PBXBuildFile section */

/* Begin PBXFileReference section */
		0B55C8B42AD4770500977D25 /* ExploreViewController.swift */ = {isa = PBXFileReference; lastKnownFileType = sourcecode.swift; path = ExploreViewController.swift; sourceTree = "<group>"; };
		0B55C8B62AD4771D00977D25 /* CameraViewController.swift */ = {isa = PBXFileReference; lastKnownFileType = sourcecode.swift; path = CameraViewController.swift; sourceTree = "<group>"; };
		0B55C8B82AD4772900977D25 /* NotificationsViewController.swift */ = {isa = PBXFileReference; lastKnownFileType = sourcecode.swift; path = NotificationsViewController.swift; sourceTree = "<group>"; };
		0B55C8BA2AD4773100977D25 /* ProfileViewController.swift */ = {isa = PBXFileReference; lastKnownFileType = sourcecode.swift; path = ProfileViewController.swift; sourceTree = "<group>"; };
		0B55C8BC2AD4774A00977D25 /* UserListViewController.swift */ = {isa = PBXFileReference; lastKnownFileType = sourcecode.swift; path = UserListViewController.swift; sourceTree = "<group>"; };
		0B55C8BE2AD4775600977D25 /* SignInViewController.swift */ = {isa = PBXFileReference; lastKnownFileType = sourcecode.swift; path = SignInViewController.swift; sourceTree = "<group>"; };
		0B55C8C02AD4775E00977D25 /* SignUpViewController.swift */ = {isa = PBXFileReference; lastKnownFileType = sourcecode.swift; path = SignUpViewController.swift; sourceTree = "<group>"; };
		0B55C8C22AD4776800977D25 /* SettingsViewController.swift */ = {isa = PBXFileReference; lastKnownFileType = sourcecode.swift; path = SettingsViewController.swift; sourceTree = "<group>"; };
		0B55C8C42AD4778400977D25 /* TabBarViewController.swift */ = {isa = PBXFileReference; lastKnownFileType = sourcecode.swift; path = TabBarViewController.swift; sourceTree = "<group>"; };
		0B55C8C92AD477DF00977D25 /* PostViewController.swift */ = {isa = PBXFileReference; lastKnownFileType = sourcecode.swift; path = PostViewController.swift; sourceTree = "<group>"; };
		0B55C8CB2AD477F400977D25 /* APICaller.swift */ = {isa = PBXFileReference; lastKnownFileType = sourcecode.swift; path = APICaller.swift; sourceTree = "<group>"; };
		0B55C8CD2AD4780100977D25 /* StorageManager.swift */ = {isa = PBXFileReference; lastKnownFileType = sourcecode.swift; path = StorageManager.swift; sourceTree = "<group>"; };
		0B55C8CF2AD4781600977D25 /* DatabaseManager.swift */ = {isa = PBXFileReference; lastKnownFileType = sourcecode.swift; path = DatabaseManager.swift; sourceTree = "<group>"; };
		0B55C8D12AD4782200977D25 /* AuthenticationManager.swift */ = {isa = PBXFileReference; lastKnownFileType = sourcecode.swift; path = AuthenticationManager.swift; sourceTree = "<group>"; };
		0B55C8D32AD4783500977D25 /* HapticsManager.swift */ = {isa = PBXFileReference; lastKnownFileType = sourcecode.swift; path = HapticsManager.swift; sourceTree = "<group>"; };
		0B8243442AD48D7000C26D8F /* GoogleService-Info.plist */ = {isa = PBXFileReference; fileEncoding = 4; lastKnownFileType = text.plist.xml; name = "GoogleService-Info.plist"; path = "../../../../../Downloads/GoogleService-Info.plist"; sourceTree = "<group>"; };
		0BA360012AD08A41008467CF /* TikTok.app */ = {isa = PBXFileReference; explicitFileType = wrapper.application; includeInIndex = 0; path = TikTok.app; sourceTree = BUILT_PRODUCTS_DIR; };
		0BA360042AD08A41008467CF /* AppDelegate.swift */ = {isa = PBXFileReference; lastKnownFileType = sourcecode.swift; path = AppDelegate.swift; sourceTree = "<group>"; };
		0BA360062AD08A41008467CF /* SceneDelegate.swift */ = {isa = PBXFileReference; lastKnownFileType = sourcecode.swift; path = SceneDelegate.swift; sourceTree = "<group>"; };
		0BA360082AD08A41008467CF /* HomeViewController.swift */ = {isa = PBXFileReference; lastKnownFileType = sourcecode.swift; path = HomeViewController.swift; sourceTree = "<group>"; };
		0BA3600D2AD08A44008467CF /* Assets.xcassets */ = {isa = PBXFileReference; lastKnownFileType = folder.assetcatalog; path = Assets.xcassets; sourceTree = "<group>"; };
		0BA360102AD08A44008467CF /* Base */ = {isa = PBXFileReference; lastKnownFileType = file.storyboard; name = Base; path = Base.lproj/LaunchScreen.storyboard; sourceTree = "<group>"; };
		0BA360122AD08A44008467CF /* Info.plist */ = {isa = PBXFileReference; lastKnownFileType = text.plist.xml; path = Info.plist; sourceTree = "<group>"; };
		4C021DD4813E4A5001C1313B /* Pods-TikTok.debug.xcconfig */ = {isa = PBXFileReference; includeInIndex = 1; lastKnownFileType = text.xcconfig; name = "Pods-TikTok.debug.xcconfig"; path = "Target Support Files/Pods-TikTok/Pods-TikTok.debug.xcconfig"; sourceTree = "<group>"; };
		92F665589264A982CD30911D /* Pods-TikTok.release.xcconfig */ = {isa = PBXFileReference; includeInIndex = 1; lastKnownFileType = text.xcconfig; name = "Pods-TikTok.release.xcconfig"; path = "Target Support Files/Pods-TikTok/Pods-TikTok.release.xcconfig"; sourceTree = "<group>"; };
		ACA2D2838F15D3A09CF03C62 /* Pods_TikTok.framework */ = {isa = PBXFileReference; explicitFileType = wrapper.framework; includeInIndex = 0; path = Pods_TikTok.framework; sourceTree = BUILT_PRODUCTS_DIR; };
/* End PBXFileReference section */

/* Begin PBXFrameworksBuildPhase section */
		0BA35FFE2AD08A41008467CF /* Frameworks */ = {
			isa = PBXFrameworksBuildPhase;
			buildActionMask = 2147483647;
			files = (
				0B82433F2AD48B8900C26D8F /* FirebaseDatabase in Frameworks */,
				0B8243392AD48B8900C26D8F /* FirebaseAnalytics in Frameworks */,
				0B82433D2AD48B8900C26D8F /* FirebaseCrashlytics in Frameworks */,
				0B82433B2AD48B8900C26D8F /* FirebaseAuth in Frameworks */,
				27616E7DEBBF0592251D6323 /* Pods_TikTok.framework in Frameworks */,
				0B8243412AD48B8900C26D8F /* FirebaseStorage in Frameworks */,
			);
			runOnlyForDeploymentPostprocessing = 0;
		};
/* End PBXFrameworksBuildPhase section */

/* Begin PBXGroup section */
		0B55C8AD2AD475AF00977D25 /* Resources */ = {
			isa = PBXGroup;
			children = (
				0B8243442AD48D7000C26D8F /* GoogleService-Info.plist */,
				0BA3600D2AD08A44008467CF /* Assets.xcassets */,
				0BA360042AD08A41008467CF /* AppDelegate.swift */,
				0BA360062AD08A41008467CF /* SceneDelegate.swift */,
			);
			path = Resources;
			sourceTree = "<group>";
		};
		0B55C8AE2AD475BE00977D25 /* Controllers */ = {
			isa = PBXGroup;
			children = (
				0B55C8B32AD4765C00977D25 /* Other */,
				0B55C8B22AD4764F00977D25 /* Core */,
			);
			path = Controllers;
			sourceTree = "<group>";
		};
		0B55C8AF2AD475CD00977D25 /* Views */ = {
			isa = PBXGroup;
			children = (
				0B55C8C72AD477C800977D25 /* Other */,
				0B55C8C62AD4779100977D25 /* Storyboards */,
			);
			path = Views;
			sourceTree = "<group>";
		};
		0B55C8B02AD475E900977D25 /* ViewModels */ = {
			isa = PBXGroup;
			children = (
			);
			path = ViewModels;
			sourceTree = "<group>";
		};
		0B55C8B12AD475F300977D25 /* Managers */ = {
			isa = PBXGroup;
			children = (
				0B55C8CB2AD477F400977D25 /* APICaller.swift */,
				0B55C8CD2AD4780100977D25 /* StorageManager.swift */,
				0B55C8CF2AD4781600977D25 /* DatabaseManager.swift */,
				0B55C8D12AD4782200977D25 /* AuthenticationManager.swift */,
				0B55C8D32AD4783500977D25 /* HapticsManager.swift */,
			);
			path = Managers;
			sourceTree = "<group>";
		};
		0B55C8B22AD4764F00977D25 /* Core */ = {
			isa = PBXGroup;
			children = (
				0BA360082AD08A41008467CF /* HomeViewController.swift */,
				0B55C8B42AD4770500977D25 /* ExploreViewController.swift */,
				0B55C8B62AD4771D00977D25 /* CameraViewController.swift */,
				0B55C8B82AD4772900977D25 /* NotificationsViewController.swift */,
				0B55C8BA2AD4773100977D25 /* ProfileViewController.swift */,
				0B55C8C42AD4778400977D25 /* TabBarViewController.swift */,
			);
			path = Core;
			sourceTree = "<group>";
		};
		0B55C8B32AD4765C00977D25 /* Other */ = {
			isa = PBXGroup;
			children = (
				0B55C8BC2AD4774A00977D25 /* UserListViewController.swift */,
				0B55C8BE2AD4775600977D25 /* SignInViewController.swift */,
				0B55C8C02AD4775E00977D25 /* SignUpViewController.swift */,
				0B55C8C22AD4776800977D25 /* SettingsViewController.swift */,
				0B55C8C92AD477DF00977D25 /* PostViewController.swift */,
			);
			path = Other;
			sourceTree = "<group>";
		};
		0B55C8C62AD4779100977D25 /* Storyboards */ = {
			isa = PBXGroup;
			children = (
				0BA3600F2AD08A44008467CF /* LaunchScreen.storyboard */,
			);
			path = Storyboards;
			sourceTree = "<group>";
		};
		0B55C8C72AD477C800977D25 /* Other */ = {
			isa = PBXGroup;
			children = (
			);
			path = Other;
			sourceTree = "<group>";
		};
		0BA35FF82AD08A41008467CF = {
			isa = PBXGroup;
			children = (
				0BA360032AD08A41008467CF /* TikTok */,
				0BA360022AD08A41008467CF /* Products */,
				62318F6491347C514C3F5BC9 /* Pods */,
				A002FE84D4C1F1E83F3CE281 /* Frameworks */,
			);
			sourceTree = "<group>";
		};
		0BA360022AD08A41008467CF /* Products */ = {
			isa = PBXGroup;
			children = (
				0BA360012AD08A41008467CF /* TikTok.app */,
			);
			name = Products;
			sourceTree = "<group>";
		};
		0BA360032AD08A41008467CF /* TikTok */ = {
			isa = PBXGroup;
			children = (
				0B55C8B12AD475F300977D25 /* Managers */,
				0B55C8B02AD475E900977D25 /* ViewModels */,
				0BA411F42AD5E62B0024707D /* Models */,
				0B55C8AF2AD475CD00977D25 /* Views */,
				0B55C8AE2AD475BE00977D25 /* Controllers */,
				0B55C8AD2AD475AF00977D25 /* Resources */,
				0BA360122AD08A44008467CF /* Info.plist */,
			);
			path = TikTok;
			sourceTree = "<group>";
		};
		0BA411F42AD5E62B0024707D /* Models */ = {
			isa = PBXGroup;
			children = (
			);
			path = Models;
			sourceTree = "<group>";
		};
		62318F6491347C514C3F5BC9 /* Pods */ = {
			isa = PBXGroup;
			children = (
				4C021DD4813E4A5001C1313B /* Pods-TikTok.debug.xcconfig */,
				92F665589264A982CD30911D /* Pods-TikTok.release.xcconfig */,
			);
			path = Pods;
			sourceTree = "<group>";
		};
		A002FE84D4C1F1E83F3CE281 /* Frameworks */ = {
			isa = PBXGroup;
			children = (
				ACA2D2838F15D3A09CF03C62 /* Pods_TikTok.framework */,
			);
			name = Frameworks;
			sourceTree = "<group>";
		};
/* End PBXGroup section */

/* Begin PBXNativeTarget section */
		0BA360002AD08A41008467CF /* TikTok */ = {
			isa = PBXNativeTarget;
			buildConfigurationList = 0BA360152AD08A44008467CF /* Build configuration list for PBXNativeTarget "TikTok" */;
			buildPhases = (
				82EDC7F5A57BEB22A1139893 /* [CP] Check Pods Manifest.lock */,
				0BA35FFD2AD08A41008467CF /* Sources */,
				0BA35FFE2AD08A41008467CF /* Frameworks */,
				0BA35FFF2AD08A41008467CF /* Resources */,
				0B8243462AD48F1A00C26D8F /* ShellScript */,
				AA93B19D061002756E378C6F /* [CP] Embed Pods Frameworks */,
			);
			buildRules = (
			);
			dependencies = (
			);
			name = TikTok;
			packageProductDependencies = (
				0B8243382AD48B8900C26D8F /* FirebaseAnalytics */,
				0B82433A2AD48B8900C26D8F /* FirebaseAuth */,
				0B82433C2AD48B8900C26D8F /* FirebaseCrashlytics */,
				0B82433E2AD48B8900C26D8F /* FirebaseDatabase */,
				0B8243402AD48B8900C26D8F /* FirebaseStorage */,
			);
			productName = TikTok;
			productReference = 0BA360012AD08A41008467CF /* TikTok.app */;
			productType = "com.apple.product-type.application";
		};
/* End PBXNativeTarget section */

/* Begin PBXProject section */
		0BA35FF92AD08A41008467CF /* Project object */ = {
			isa = PBXProject;
			attributes = {
				BuildIndependentTargetsInParallel = 1;
				LastSwiftUpdateCheck = 1430;
				LastUpgradeCheck = 1430;
				TargetAttributes = {
					0BA360002AD08A41008467CF = {
						CreatedOnToolsVersion = 14.3.1;
					};
				};
			};
			buildConfigurationList = 0BA35FFC2AD08A41008467CF /* Build configuration list for PBXProject "TikTok" */;
			compatibilityVersion = "Xcode 14.0";
			developmentRegion = en;
			hasScannedForEncodings = 0;
			knownRegions = (
				en,
				Base,
			);
			mainGroup = 0BA35FF82AD08A41008467CF;
			packageReferences = (
				0B8243372AD48B8900C26D8F /* XCRemoteSwiftPackageReference "firebase-ios-sdk" */,
			);
			productRefGroup = 0BA360022AD08A41008467CF /* Products */;
			projectDirPath = "";
			projectRoot = "";
			targets = (
				0BA360002AD08A41008467CF /* TikTok */,
			);
		};
/* End PBXProject section */

/* Begin PBXResourcesBuildPhase section */
		0BA35FFF2AD08A41008467CF /* Resources */ = {
			isa = PBXResourcesBuildPhase;
			buildActionMask = 2147483647;
			files = (
				0BA360112AD08A44008467CF /* LaunchScreen.storyboard in Resources */,
				0BA3600E2AD08A44008467CF /* Assets.xcassets in Resources */,
				0B8243452AD48D7000C26D8F /* GoogleService-Info.plist in Resources */,
			);
			runOnlyForDeploymentPostprocessing = 0;
		};
/* End PBXResourcesBuildPhase section */

/* Begin PBXShellScriptBuildPhase section */
		0B8243462AD48F1A00C26D8F /* ShellScript */ = {
			isa = PBXShellScriptBuildPhase;
			buildActionMask = 2147483647;
			files = (
			);
			inputFileListPaths = (
			);
			inputPaths = (
				"${DWARF_DSYM_FOLDER_PATH}/${DWARF_DSYM_FILE_NAME}",
				"${DWARF_DSYM_FOLDER_PATH}/${DWARF_DSYM_FILE_NAME}/Contents/Resources/DWARF/${PRODUCT_NAME}",
				"${DWARF_DSYM_FOLDER_PATH}/${DWARF_DSYM_FILE_NAME}/Contents/Info.plist",
				"$(TARGET_BUILD_DIR)/$(UNLOCALIZED_RESOURCES_FOLDER_PATH)/GoogleService-Info.plist",
				"$(TARGET_BUILD_DIR)/$(EXECUTABLE_PATH)",
			);
			outputFileListPaths = (
			);
			outputPaths = (
			);
			runOnlyForDeploymentPostprocessing = 0;
			shellPath = /bin/sh;
			shellScript = "\"${BUILD_DIR%/Build/*}/SourcePackages/checkouts/firebase-ios-sdk/Crashlytics/run\"\n";
		};
		82EDC7F5A57BEB22A1139893 /* [CP] Check Pods Manifest.lock */ = {
			isa = PBXShellScriptBuildPhase;
			buildActionMask = 2147483647;
			files = (
			);
			inputFileListPaths = (
			);
			inputPaths = (
				"${PODS_PODFILE_DIR_PATH}/Podfile.lock",
				"${PODS_ROOT}/Manifest.lock",
			);
			name = "[CP] Check Pods Manifest.lock";
			outputFileListPaths = (
			);
			outputPaths = (
				"$(DERIVED_FILE_DIR)/Pods-TikTok-checkManifestLockResult.txt",
			);
			runOnlyForDeploymentPostprocessing = 0;
			shellPath = /bin/sh;
			shellScript = "diff \"${PODS_PODFILE_DIR_PATH}/Podfile.lock\" \"${PODS_ROOT}/Manifest.lock\" > /dev/null\nif [ $? != 0 ] ; then\n    # print error to STDERR\n    echo \"error: The sandbox is not in sync with the Podfile.lock. Run 'pod install' or update your CocoaPods installation.\" >&2\n    exit 1\nfi\n# This output is used by Xcode 'outputs' to avoid re-running this script phase.\necho \"SUCCESS\" > \"${SCRIPT_OUTPUT_FILE_0}\"\n";
			showEnvVarsInLog = 0;
		};
		AA93B19D061002756E378C6F /* [CP] Embed Pods Frameworks */ = {
			isa = PBXShellScriptBuildPhase;
			buildActionMask = 2147483647;
			files = (
			);
			inputFileListPaths = (
				"${PODS_ROOT}/Target Support Files/Pods-TikTok/Pods-TikTok-frameworks-${CONFIGURATION}-input-files.xcfilelist",
			);
			name = "[CP] Embed Pods Frameworks";
			outputFileListPaths = (
				"${PODS_ROOT}/Target Support Files/Pods-TikTok/Pods-TikTok-frameworks-${CONFIGURATION}-output-files.xcfilelist",
			);
			runOnlyForDeploymentPostprocessing = 0;
			shellPath = /bin/sh;
			shellScript = "\"${PODS_ROOT}/Target Support Files/Pods-TikTok/Pods-TikTok-frameworks.sh\"\n";
			showEnvVarsInLog = 0;
		};
/* End PBXShellScriptBuildPhase section */

/* Begin PBXSourcesBuildPhase section */
		0BA35FFD2AD08A41008467CF /* Sources */ = {
			isa = PBXSourcesBuildPhase;
			buildActionMask = 2147483647;
			files = (
				0B55C8D42AD4783500977D25 /* HapticsManager.swift in Sources */,
				0B55C8D02AD4781600977D25 /* DatabaseManager.swift in Sources */,
				0B55C8B52AD4770500977D25 /* ExploreViewController.swift in Sources */,
				0B55C8BD2AD4774A00977D25 /* UserListViewController.swift in Sources */,
				0B55C8C32AD4776800977D25 /* SettingsViewController.swift in Sources */,
				0B55C8CC2AD477F400977D25 /* APICaller.swift in Sources */,
				0B55C8CA2AD477DF00977D25 /* PostViewController.swift in Sources */,
				0B55C8B72AD4771D00977D25 /* CameraViewController.swift in Sources */,
				0B55C8C52AD4778400977D25 /* TabBarViewController.swift in Sources */,
				0BA360092AD08A41008467CF /* HomeViewController.swift in Sources */,
				0B55C8C12AD4775E00977D25 /* SignUpViewController.swift in Sources */,
				0B55C8D22AD4782200977D25 /* AuthenticationManager.swift in Sources */,
				0B55C8B92AD4772900977D25 /* NotificationsViewController.swift in Sources */,
				0B55C8BF2AD4775600977D25 /* SignInViewController.swift in Sources */,
				0B55C8BB2AD4773100977D25 /* ProfileViewController.swift in Sources */,
				0B55C8CE2AD4780100977D25 /* StorageManager.swift in Sources */,
				0BA360052AD08A41008467CF /* AppDelegate.swift in Sources */,
				0BA360072AD08A41008467CF /* SceneDelegate.swift in Sources */,
			);
			runOnlyForDeploymentPostprocessing = 0;
		};
/* End PBXSourcesBuildPhase section */

/* Begin PBXVariantGroup section */
		0BA3600F2AD08A44008467CF /* LaunchScreen.storyboard */ = {
			isa = PBXVariantGroup;
			children = (
				0BA360102AD08A44008467CF /* Base */,
			);
			name = LaunchScreen.storyboard;
			sourceTree = "<group>";
		};
/* End PBXVariantGroup section */

/* Begin XCBuildConfiguration section */
		0BA360132AD08A44008467CF /* Debug */ = {
			isa = XCBuildConfiguration;
			buildSettings = {
				ALWAYS_SEARCH_USER_PATHS = NO;
				CLANG_ANALYZER_NONNULL = YES;
				CLANG_ANALYZER_NUMBER_OBJECT_CONVERSION = YES_AGGRESSIVE;
				CLANG_CXX_LANGUAGE_STANDARD = "gnu++20";
				CLANG_ENABLE_MODULES = YES;
				CLANG_ENABLE_OBJC_ARC = YES;
				CLANG_ENABLE_OBJC_WEAK = YES;
				CLANG_WARN_BLOCK_CAPTURE_AUTORELEASING = YES;
				CLANG_WARN_BOOL_CONVERSION = YES;
				CLANG_WARN_COMMA = YES;
				CLANG_WARN_CONSTANT_CONVERSION = YES;
				CLANG_WARN_DEPRECATED_OBJC_IMPLEMENTATIONS = YES;
				CLANG_WARN_DIRECT_OBJC_ISA_USAGE = YES_ERROR;
				CLANG_WARN_DOCUMENTATION_COMMENTS = YES;
				CLANG_WARN_EMPTY_BODY = YES;
				CLANG_WARN_ENUM_CONVERSION = YES;
				CLANG_WARN_INFINITE_RECURSION = YES;
				CLANG_WARN_INT_CONVERSION = YES;
				CLANG_WARN_NON_LITERAL_NULL_CONVERSION = YES;
				CLANG_WARN_OBJC_IMPLICIT_RETAIN_SELF = YES;
				CLANG_WARN_OBJC_LITERAL_CONVERSION = YES;
				CLANG_WARN_OBJC_ROOT_CLASS = YES_ERROR;
				CLANG_WARN_QUOTED_INCLUDE_IN_FRAMEWORK_HEADER = YES;
				CLANG_WARN_RANGE_LOOP_ANALYSIS = YES;
				CLANG_WARN_STRICT_PROTOTYPES = YES;
				CLANG_WARN_SUSPICIOUS_MOVE = YES;
				CLANG_WARN_UNGUARDED_AVAILABILITY = YES_AGGRESSIVE;
				CLANG_WARN_UNREACHABLE_CODE = YES;
				CLANG_WARN__DUPLICATE_METHOD_MATCH = YES;
				COPY_PHASE_STRIP = NO;
				DEBUG_INFORMATION_FORMAT = dwarf;
				ENABLE_STRICT_OBJC_MSGSEND = YES;
				ENABLE_TESTABILITY = YES;
				GCC_C_LANGUAGE_STANDARD = gnu11;
				GCC_DYNAMIC_NO_PIC = NO;
				GCC_NO_COMMON_BLOCKS = YES;
				GCC_OPTIMIZATION_LEVEL = 0;
				GCC_PREPROCESSOR_DEFINITIONS = (
					"DEBUG=1",
					"$(inherited)",
				);
				GCC_WARN_64_TO_32_BIT_CONVERSION = YES;
				GCC_WARN_ABOUT_RETURN_TYPE = YES_ERROR;
				GCC_WARN_UNDECLARED_SELECTOR = YES;
				GCC_WARN_UNINITIALIZED_AUTOS = YES_AGGRESSIVE;
				GCC_WARN_UNUSED_FUNCTION = YES;
				GCC_WARN_UNUSED_VARIABLE = YES;
				IPHONEOS_DEPLOYMENT_TARGET = 16.4;
				MTL_ENABLE_DEBUG_INFO = INCLUDE_SOURCE;
				MTL_FAST_MATH = YES;
				ONLY_ACTIVE_ARCH = YES;
				SDKROOT = iphoneos;
				SWIFT_ACTIVE_COMPILATION_CONDITIONS = DEBUG;
				SWIFT_OPTIMIZATION_LEVEL = "-Onone";
			};
			name = Debug;
		};
		0BA360142AD08A44008467CF /* Release */ = {
			isa = XCBuildConfiguration;
			buildSettings = {
				ALWAYS_SEARCH_USER_PATHS = NO;
				CLANG_ANALYZER_NONNULL = YES;
				CLANG_ANALYZER_NUMBER_OBJECT_CONVERSION = YES_AGGRESSIVE;
				CLANG_CXX_LANGUAGE_STANDARD = "gnu++20";
				CLANG_ENABLE_MODULES = YES;
				CLANG_ENABLE_OBJC_ARC = YES;
				CLANG_ENABLE_OBJC_WEAK = YES;
				CLANG_WARN_BLOCK_CAPTURE_AUTORELEASING = YES;
				CLANG_WARN_BOOL_CONVERSION = YES;
				CLANG_WARN_COMMA = YES;
				CLANG_WARN_CONSTANT_CONVERSION = YES;
				CLANG_WARN_DEPRECATED_OBJC_IMPLEMENTATIONS = YES;
				CLANG_WARN_DIRECT_OBJC_ISA_USAGE = YES_ERROR;
				CLANG_WARN_DOCUMENTATION_COMMENTS = YES;
				CLANG_WARN_EMPTY_BODY = YES;
				CLANG_WARN_ENUM_CONVERSION = YES;
				CLANG_WARN_INFINITE_RECURSION = YES;
				CLANG_WARN_INT_CONVERSION = YES;
				CLANG_WARN_NON_LITERAL_NULL_CONVERSION = YES;
				CLANG_WARN_OBJC_IMPLICIT_RETAIN_SELF = YES;
				CLANG_WARN_OBJC_LITERAL_CONVERSION = YES;
				CLANG_WARN_OBJC_ROOT_CLASS = YES_ERROR;
				CLANG_WARN_QUOTED_INCLUDE_IN_FRAMEWORK_HEADER = YES;
				CLANG_WARN_RANGE_LOOP_ANALYSIS = YES;
				CLANG_WARN_STRICT_PROTOTYPES = YES;
				CLANG_WARN_SUSPICIOUS_MOVE = YES;
				CLANG_WARN_UNGUARDED_AVAILABILITY = YES_AGGRESSIVE;
				CLANG_WARN_UNREACHABLE_CODE = YES;
				CLANG_WARN__DUPLICATE_METHOD_MATCH = YES;
				COPY_PHASE_STRIP = NO;
				DEBUG_INFORMATION_FORMAT = "dwarf-with-dsym";
				ENABLE_NS_ASSERTIONS = NO;
				ENABLE_STRICT_OBJC_MSGSEND = YES;
				GCC_C_LANGUAGE_STANDARD = gnu11;
				GCC_NO_COMMON_BLOCKS = YES;
				GCC_WARN_64_TO_32_BIT_CONVERSION = YES;
				GCC_WARN_ABOUT_RETURN_TYPE = YES_ERROR;
				GCC_WARN_UNDECLARED_SELECTOR = YES;
				GCC_WARN_UNINITIALIZED_AUTOS = YES_AGGRESSIVE;
				GCC_WARN_UNUSED_FUNCTION = YES;
				GCC_WARN_UNUSED_VARIABLE = YES;
				IPHONEOS_DEPLOYMENT_TARGET = 16.4;
				MTL_ENABLE_DEBUG_INFO = NO;
				MTL_FAST_MATH = YES;
				SDKROOT = iphoneos;
				SWIFT_COMPILATION_MODE = wholemodule;
				SWIFT_OPTIMIZATION_LEVEL = "-O";
				VALIDATE_PRODUCT = YES;
			};
			name = Release;
		};
		0BA360162AD08A44008467CF /* Debug */ = {
			isa = XCBuildConfiguration;
			baseConfigurationReference = 4C021DD4813E4A5001C1313B /* Pods-TikTok.debug.xcconfig */;
			buildSettings = {
				ASSETCATALOG_COMPILER_APPICON_NAME = AppIcon;
				ASSETCATALOG_COMPILER_GLOBAL_ACCENT_COLOR_NAME = AccentColor;
				CODE_SIGN_STYLE = Automatic;
				CURRENT_PROJECT_VERSION = 1;
				DEBUG_INFORMATION_FORMAT = "dwarf-with-dsym";
				DEVELOPMENT_TEAM = GN3KWRY8X5;
				GENERATE_INFOPLIST_FILE = YES;
				INFOPLIST_FILE = TikTok/Info.plist;
				INFOPLIST_KEY_CFBundleDisplayName = TikTok;
				INFOPLIST_KEY_UIApplicationSupportsIndirectInputEvents = YES;
				INFOPLIST_KEY_UILaunchStoryboardName = LaunchScreen;
				INFOPLIST_KEY_UISupportedInterfaceOrientations = UIInterfaceOrientationPortrait;
				IPHONEOS_DEPLOYMENT_TARGET = 13.0;
				LD_RUNPATH_SEARCH_PATHS = (
					"$(inherited)",
					"@executable_path/Frameworks",
				);
				MARKETING_VERSION = 1.0;
				PRODUCT_BUNDLE_IDENTIFIER = com.mtncloudservices.TikTok;
				PRODUCT_NAME = "$(TARGET_NAME)";
				SWIFT_EMIT_LOC_STRINGS = YES;
				SWIFT_VERSION = 5.0;
				TARGETED_DEVICE_FAMILY = 1;
			};
			name = Debug;
		};
		0BA360172AD08A44008467CF /* Release */ = {
			isa = XCBuildConfiguration;
			baseConfigurationReference = 92F665589264A982CD30911D /* Pods-TikTok.release.xcconfig */;
			buildSettings = {
				ASSETCATALOG_COMPILER_APPICON_NAME = AppIcon;
				ASSETCATALOG_COMPILER_GLOBAL_ACCENT_COLOR_NAME = AccentColor;
				CODE_SIGN_STYLE = Automatic;
				CURRENT_PROJECT_VERSION = 1;
				DEVELOPMENT_TEAM = GN3KWRY8X5;
				GENERATE_INFOPLIST_FILE = YES;
				INFOPLIST_FILE = TikTok/Info.plist;
				INFOPLIST_KEY_CFBundleDisplayName = TikTok;
				INFOPLIST_KEY_UIApplicationSupportsIndirectInputEvents = YES;
				INFOPLIST_KEY_UILaunchStoryboardName = LaunchScreen;
				INFOPLIST_KEY_UISupportedInterfaceOrientations = UIInterfaceOrientationPortrait;
				IPHONEOS_DEPLOYMENT_TARGET = 13.0;
				LD_RUNPATH_SEARCH_PATHS = (
					"$(inherited)",
					"@executable_path/Frameworks",
				);
				MARKETING_VERSION = 1.0;
				PRODUCT_BUNDLE_IDENTIFIER = com.mtncloudservices.TikTok;
				PRODUCT_NAME = "$(TARGET_NAME)";
				SWIFT_EMIT_LOC_STRINGS = YES;
				SWIFT_VERSION = 5.0;
				TARGETED_DEVICE_FAMILY = 1;
			};
			name = Release;
		};
/* End XCBuildConfiguration section */

/* Begin XCConfigurationList section */
		0BA35FFC2AD08A41008467CF /* Build configuration list for PBXProject "TikTok" */ = {
			isa = XCConfigurationList;
			buildConfigurations = (
				0BA360132AD08A44008467CF /* Debug */,
				0BA360142AD08A44008467CF /* Release */,
			);
			defaultConfigurationIsVisible = 0;
			defaultConfigurationName = Release;
		};
		0BA360152AD08A44008467CF /* Build configuration list for PBXNativeTarget "TikTok" */ = {
			isa = XCConfigurationList;
			buildConfigurations = (
				0BA360162AD08A44008467CF /* Debug */,
				0BA360172AD08A44008467CF /* Release */,
			);
			defaultConfigurationIsVisible = 0;
			defaultConfigurationName = Release;
		};
/* End XCConfigurationList section */

/* Begin XCRemoteSwiftPackageReference section */
		0B8243372AD48B8900C26D8F /* XCRemoteSwiftPackageReference "firebase-ios-sdk" */ = {
			isa = XCRemoteSwiftPackageReference;
			repositoryURL = "https://github.com/firebase/firebase-ios-sdk";
			requirement = {
				kind = upToNextMajorVersion;
				minimumVersion = 10.0.0;
			};
		};
/* End XCRemoteSwiftPackageReference section */

/* Begin XCSwiftPackageProductDependency section */
		0B8243382AD48B8900C26D8F /* FirebaseAnalytics */ = {
			isa = XCSwiftPackageProductDependency;
			package = 0B8243372AD48B8900C26D8F /* XCRemoteSwiftPackageReference "firebase-ios-sdk" */;
			productName = FirebaseAnalytics;
		};
		0B82433A2AD48B8900C26D8F /* FirebaseAuth */ = {
			isa = XCSwiftPackageProductDependency;
			package = 0B8243372AD48B8900C26D8F /* XCRemoteSwiftPackageReference "firebase-ios-sdk" */;
			productName = FirebaseAuth;
		};
		0B82433C2AD48B8900C26D8F /* FirebaseCrashlytics */ = {
			isa = XCSwiftPackageProductDependency;
			package = 0B8243372AD48B8900C26D8F /* XCRemoteSwiftPackageReference "firebase-ios-sdk" */;
			productName = FirebaseCrashlytics;
		};
		0B82433E2AD48B8900C26D8F /* FirebaseDatabase */ = {
			isa = XCSwiftPackageProductDependency;
			package = 0B8243372AD48B8900C26D8F /* XCRemoteSwiftPackageReference "firebase-ios-sdk" */;
			productName = FirebaseDatabase;
		};
		0B8243402AD48B8900C26D8F /* FirebaseStorage */ = {
			isa = XCSwiftPackageProductDependency;
			package = 0B8243372AD48B8900C26D8F /* XCRemoteSwiftPackageReference "firebase-ios-sdk" */;
			productName = FirebaseStorage;
		};
/* End XCSwiftPackageProductDependency section */
	};
	rootObject = 0BA35FF92AD08A41008467CF /* Project object */;
}
